// !$*UTF8*$!
{
	archiveVersion = 1;
	classes = {
	};
	objectVersion = 46;
	objects = {

/* Begin PBXBuildFile section */
		8F7404471DCDD569009A6F0B /* AppDelegate.swift in Sources */ = {isa = PBXBuildFile; fileRef = 8F7404461DCDD569009A6F0B /* AppDelegate.swift */; };
		8F7404491DCDD569009A6F0B /* ViewController.swift in Sources */ = {isa = PBXBuildFile; fileRef = 8F7404481DCDD569009A6F0B /* ViewController.swift */; };
		8F74044C1DCDD569009A6F0B /* Main.storyboard in Resources */ = {isa = PBXBuildFile; fileRef = 8F74044A1DCDD569009A6F0B /* Main.storyboard */; };
		8F74044E1DCDD569009A6F0B /* Assets.xcassets in Resources */ = {isa = PBXBuildFile; fileRef = 8F74044D1DCDD569009A6F0B /* Assets.xcassets */; };
		8F7404511DCDD569009A6F0B /* LaunchScreen.storyboard in Resources */ = {isa = PBXBuildFile; fileRef = 8F74044F1DCDD569009A6F0B /* LaunchScreen.storyboard */; };
		8F7404661DCDD5F5009A6F0B /* ARAnnotation.swift in Sources */ = {isa = PBXBuildFile; fileRef = 8F74045A1DCDD5F5009A6F0B /* ARAnnotation.swift */; };
		8F7404671DCDD5F5009A6F0B /* ARAnnotationView.swift in Sources */ = {isa = PBXBuildFile; fileRef = 8F74045B1DCDD5F5009A6F0B /* ARAnnotationView.swift */; };
		8F7404681DCDD5F5009A6F0B /* ARConfiguration.swift in Sources */ = {isa = PBXBuildFile; fileRef = 8F74045C1DCDD5F5009A6F0B /* ARConfiguration.swift */; };
		8F7404691DCDD5F5009A6F0B /* ARTrackingManager.swift in Sources */ = {isa = PBXBuildFile; fileRef = 8F74045D1DCDD5F5009A6F0B /* ARTrackingManager.swift */; };
		8F74046A1DCDD5F5009A6F0B /* ARViewController.swift in Sources */ = {isa = PBXBuildFile; fileRef = 8F74045E1DCDD5F5009A6F0B /* ARViewController.swift */; };
		8F74046B1DCDD5F5009A6F0B /* DebugMapViewController.swift in Sources */ = {isa = PBXBuildFile; fileRef = 8F7404601DCDD5F5009A6F0B /* DebugMapViewController.swift */; };
		8F74046C1DCDD5F5009A6F0B /* DebugMapViewController.xib in Resources */ = {isa = PBXBuildFile; fileRef = 8F7404621DCDD5F5009A6F0B /* DebugMapViewController.xib */; };
		8F74046D1DCDD5F5009A6F0B /* hdar_close.png in Resources */ = {isa = PBXBuildFile; fileRef = 8F7404631DCDD5F5009A6F0B /* hdar_close.png */; };
		8F74046E1DCDD5F5009A6F0B /* hdar_close@2x.png in Resources */ = {isa = PBXBuildFile; fileRef = 8F7404641DCDD5F5009A6F0B /* hdar_close@2x.png */; };
		8F74046F1DCDD5F5009A6F0B /* hdar_close@3x.png in Resources */ = {isa = PBXBuildFile; fileRef = 8F7404651DCDD5F5009A6F0B /* hdar_close@3x.png */; };
		8F7404801DCF31B0009A6F0B /* PlacesLoader.swift in Sources */ = {isa = PBXBuildFile; fileRef = 8F74047E1DCF31B0009A6F0B /* PlacesLoader.swift */; };
		8F7404811DCF31B0009A6F0B /* Place.swift in Sources */ = {isa = PBXBuildFile; fileRef = 8F74047F1DCF31B0009A6F0B /* Place.swift */; };
		D61628081EDAF8C5003C9956 /* PlaceAnnotation.swift in Sources */ = {isa = PBXBuildFile; fileRef = D61628071EDAF8C5003C9956 /* PlaceAnnotation.swift */; };
		D616280A1EDAFF61003C9956 /* AnnotationView.swift in Sources */ = {isa = PBXBuildFile; fileRef = D61628091EDAFF61003C9956 /* AnnotationView.swift */; };
/* End PBXBuildFile section */

/* Begin PBXFileReference section */
		8F7404431DCDD569009A6F0B /* Places.app */ = {isa = PBXFileReference; explicitFileType = wrapper.application; includeInIndex = 0; path = Places.app; sourceTree = BUILT_PRODUCTS_DIR; };
		8F7404461DCDD569009A6F0B /* AppDelegate.swift */ = {isa = PBXFileReference; lastKnownFileType = sourcecode.swift; path = AppDelegate.swift; sourceTree = "<group>"; };
		8F7404481DCDD569009A6F0B /* ViewController.swift */ = {isa = PBXFileReference; lastKnownFileType = sourcecode.swift; path = ViewController.swift; sourceTree = "<group>"; };
		8F74044B1DCDD569009A6F0B /* Base */ = {isa = PBXFileReference; lastKnownFileType = file.storyboard; name = Base; path = Base.lproj/Main.storyboard; sourceTree = "<group>"; };
		8F74044D1DCDD569009A6F0B /* Assets.xcassets */ = {isa = PBXFileReference; lastKnownFileType = folder.assetcatalog; path = Assets.xcassets; sourceTree = "<group>"; };
		8F7404501DCDD569009A6F0B /* Base */ = {isa = PBXFileReference; lastKnownFileType = file.storyboard; name = Base; path = Base.lproj/LaunchScreen.storyboard; sourceTree = "<group>"; };
		8F7404521DCDD569009A6F0B /* Info.plist */ = {isa = PBXFileReference; lastKnownFileType = text.plist.xml; path = Info.plist; sourceTree = "<group>"; };
		8F74045A1DCDD5F5009A6F0B /* ARAnnotation.swift */ = {isa = PBXFileReference; fileEncoding = 4; lastKnownFileType = sourcecode.swift; path = ARAnnotation.swift; sourceTree = "<group>"; };
		8F74045B1DCDD5F5009A6F0B /* ARAnnotationView.swift */ = {isa = PBXFileReference; fileEncoding = 4; lastKnownFileType = sourcecode.swift; path = ARAnnotationView.swift; sourceTree = "<group>"; };
		8F74045C1DCDD5F5009A6F0B /* ARConfiguration.swift */ = {isa = PBXFileReference; fileEncoding = 4; lastKnownFileType = sourcecode.swift; path = ARConfiguration.swift; sourceTree = "<group>"; };
		8F74045D1DCDD5F5009A6F0B /* ARTrackingManager.swift */ = {isa = PBXFileReference; fileEncoding = 4; lastKnownFileType = sourcecode.swift; path = ARTrackingManager.swift; sourceTree = "<group>"; };
		8F74045E1DCDD5F5009A6F0B /* ARViewController.swift */ = {isa = PBXFileReference; fileEncoding = 4; lastKnownFileType = sourcecode.swift; path = ARViewController.swift; sourceTree = "<group>"; };
		8F7404601DCDD5F5009A6F0B /* DebugMapViewController.swift */ = {isa = PBXFileReference; fileEncoding = 4; lastKnownFileType = sourcecode.swift; path = DebugMapViewController.swift; sourceTree = "<group>"; };
		8F7404621DCDD5F5009A6F0B /* DebugMapViewController.xib */ = {isa = PBXFileReference; fileEncoding = 4; lastKnownFileType = file.xib; path = DebugMapViewController.xib; sourceTree = "<group>"; };
		8F7404631DCDD5F5009A6F0B /* hdar_close.png */ = {isa = PBXFileReference; lastKnownFileType = image.png; path = hdar_close.png; sourceTree = "<group>"; };
		8F7404641DCDD5F5009A6F0B /* hdar_close@2x.png */ = {isa = PBXFileReference; lastKnownFileType = image.png; path = "hdar_close@2x.png"; sourceTree = "<group>"; };
		8F7404651DCDD5F5009A6F0B /* hdar_close@3x.png */ = {isa = PBXFileReference; lastKnownFileType = image.png; path = "hdar_close@3x.png"; sourceTree = "<group>"; };
		8F74047E1DCF31B0009A6F0B /* PlacesLoader.swift */ = {isa = PBXFileReference; fileEncoding = 4; lastKnownFileType = sourcecode.swift; path = PlacesLoader.swift; sourceTree = "<group>"; };
		8F74047F1DCF31B0009A6F0B /* Place.swift */ = {isa = PBXFileReference; fileEncoding = 4; lastKnownFileType = sourcecode.swift; path = Place.swift; sourceTree = "<group>"; };
		D61628071EDAF8C5003C9956 /* PlaceAnnotation.swift */ = {isa = PBXFileReference; fileEncoding = 4; lastKnownFileType = sourcecode.swift; path = PlaceAnnotation.swift; sourceTree = "<group>"; };
		D61628091EDAFF61003C9956 /* AnnotationView.swift */ = {isa = PBXFileReference; fileEncoding = 4; lastKnownFileType = sourcecode.swift; name = AnnotationView.swift; path = ../AnnotationView.swift; sourceTree = "<group>"; };
/* End PBXFileReference section */

/* Begin PBXFrameworksBuildPhase section */
		8F7404401DCDD569009A6F0B /* Frameworks */ = {
			isa = PBXFrameworksBuildPhase;
			buildActionMask = 2147483647;
			files = (
			);
			runOnlyForDeploymentPostprocessing = 0;
		};
/* End PBXFrameworksBuildPhase section */

/* Begin PBXGroup section */
		8F74043A1DCDD569009A6F0B = {
			isa = PBXGroup;
			children = (
				8F7404451DCDD569009A6F0B /* Places */,
				8F7404441DCDD569009A6F0B /* Products */,
			);
			indentWidth = 2;
			sourceTree = "<group>";
			tabWidth = 2;
		};
		8F7404441DCDD569009A6F0B /* Products */ = {
			isa = PBXGroup;
			children = (
				8F7404431DCDD569009A6F0B /* Places.app */,
			);
			name = Products;
			sourceTree = "<group>";
		};
		8F7404451DCDD569009A6F0B /* Places */ = {
			isa = PBXGroup;
			children = (
				D61628091EDAFF61003C9956 /* AnnotationView.swift */,
				8F7404461DCDD569009A6F0B /* AppDelegate.swift */,
				8F7404481DCDD569009A6F0B /* ViewController.swift */,
				8F74047E1DCF31B0009A6F0B /* PlacesLoader.swift */,
				8F74047F1DCF31B0009A6F0B /* Place.swift */,
				8F7404581DCDD5F5009A6F0B /* HDAugmentedReality */,
				8F74044A1DCDD569009A6F0B /* Main.storyboard */,
				8F74044D1DCDD569009A6F0B /* Assets.xcassets */,
				8F74044F1DCDD569009A6F0B /* LaunchScreen.storyboard */,
				8F7404521DCDD569009A6F0B /* Info.plist */,
				D61628071EDAF8C5003C9956 /* PlaceAnnotation.swift */,
			);
			path = Places;
			sourceTree = "<group>";
		};
		8F7404581DCDD5F5009A6F0B /* HDAugmentedReality */ = {
			isa = PBXGroup;
			children = (
				8F7404591DCDD5F5009A6F0B /* Classes */,
				8F7404611DCDD5F5009A6F0B /* Resources */,
			);
			path = HDAugmentedReality;
			sourceTree = "<group>";
		};
		8F7404591DCDD5F5009A6F0B /* Classes */ = {
			isa = PBXGroup;
			children = (
				8F74045A1DCDD5F5009A6F0B /* ARAnnotation.swift */,
				8F74045B1DCDD5F5009A6F0B /* ARAnnotationView.swift */,
				8F74045C1DCDD5F5009A6F0B /* ARConfiguration.swift */,
				8F74045D1DCDD5F5009A6F0B /* ARTrackingManager.swift */,
				8F74045E1DCDD5F5009A6F0B /* ARViewController.swift */,
				8F74045F1DCDD5F5009A6F0B /* Debug */,
			);
			path = Classes;
			sourceTree = "<group>";
		};
		8F74045F1DCDD5F5009A6F0B /* Debug */ = {
			isa = PBXGroup;
			children = (
				8F7404601DCDD5F5009A6F0B /* DebugMapViewController.swift */,
			);
			path = Debug;
			sourceTree = "<group>";
		};
		8F7404611DCDD5F5009A6F0B /* Resources */ = {
			isa = PBXGroup;
			children = (
				8F7404621DCDD5F5009A6F0B /* DebugMapViewController.xib */,
				8F7404631DCDD5F5009A6F0B /* hdar_close.png */,
				8F7404641DCDD5F5009A6F0B /* hdar_close@2x.png */,
				8F7404651DCDD5F5009A6F0B /* hdar_close@3x.png */,
			);
			path = Resources;
			sourceTree = "<group>";
		};
/* End PBXGroup section */

/* Begin PBXNativeTarget section */
		8F7404421DCDD569009A6F0B /* Places */ = {
			isa = PBXNativeTarget;
			buildConfigurationList = 8F7404551DCDD569009A6F0B /* Build configuration list for PBXNativeTarget "Places" */;
			buildPhases = (
				8F74043F1DCDD569009A6F0B /* Sources */,
				8F7404401DCDD569009A6F0B /* Frameworks */,
				8F7404411DCDD569009A6F0B /* Resources */,
			);
			buildRules = (
			);
			dependencies = (
			);
			name = Places;
			productName = Places;
			productReference = 8F7404431DCDD569009A6F0B /* Places.app */;
			productType = "com.apple.product-type.application";
		};
/* End PBXNativeTarget section */

/* Begin PBXProject section */
		8F74043B1DCDD569009A6F0B /* Project object */ = {
			isa = PBXProject;
			attributes = {
				LastSwiftUpdateCheck = 0810;
				LastUpgradeCheck = 0820;
				ORGANIZATIONNAME = "Razeware LLC";
				TargetAttributes = {
					8F7404421DCDD569009A6F0B = {
						CreatedOnToolsVersion = 8.1;
						DevelopmentTeam = CX5R794477;
						ProvisioningStyle = Automatic;
					};
				};
			};
			buildConfigurationList = 8F74043E1DCDD569009A6F0B /* Build configuration list for PBXProject "Places" */;
			compatibilityVersion = "Xcode 3.2";
			developmentRegion = English;
			hasScannedForEncodings = 0;
			knownRegions = (
				en,
				Base,
			);
			mainGroup = 8F74043A1DCDD569009A6F0B;
			productRefGroup = 8F7404441DCDD569009A6F0B /* Products */;
			projectDirPath = "";
			projectRoot = "";
			targets = (
				8F7404421DCDD569009A6F0B /* Places */,
			);
		};
/* End PBXProject section */

/* Begin PBXResourcesBuildPhase section */
		8F7404411DCDD569009A6F0B /* Resources */ = {
			isa = PBXResourcesBuildPhase;
			buildActionMask = 2147483647;
			files = (
				8F7404511DCDD569009A6F0B /* LaunchScreen.storyboard in Resources */,
				8F74046D1DCDD5F5009A6F0B /* hdar_close.png in Resources */,
				8F74046F1DCDD5F5009A6F0B /* hdar_close@3x.png in Resources */,
				8F74044E1DCDD569009A6F0B /* Assets.xcassets in Resources */,
				8F74044C1DCDD569009A6F0B /* Main.storyboard in Resources */,
				8F74046E1DCDD5F5009A6F0B /* hdar_close@2x.png in Resources */,
				8F74046C1DCDD5F5009A6F0B /* DebugMapViewController.xib in Resources */,
			);
			runOnlyForDeploymentPostprocessing = 0;
		};
/* End PBXResourcesBuildPhase section */

/* Begin PBXSourcesBuildPhase section */
		8F74043F1DCDD569009A6F0B /* Sources */ = {
			isa = PBXSourcesBuildPhase;
			buildActionMask = 2147483647;
			files = (
				8F7404801DCF31B0009A6F0B /* PlacesLoader.swift in Sources */,
				D616280A1EDAFF61003C9956 /* AnnotationView.swift in Sources */,
				8F74046A1DCDD5F5009A6F0B /* ARViewController.swift in Sources */,
				D61628081EDAF8C5003C9956 /* PlaceAnnotation.swift in Sources */,
				8F7404491DCDD569009A6F0B /* ViewController.swift in Sources */,
				8F7404661DCDD5F5009A6F0B /* ARAnnotation.swift in Sources */,
				8F74046B1DCDD5F5009A6F0B /* DebugMapViewController.swift in Sources */,
				8F7404671DCDD5F5009A6F0B /* ARAnnotationView.swift in Sources */,
				8F7404691DCDD5F5009A6F0B /* ARTrackingManager.swift in Sources */,
				8F7404681DCDD5F5009A6F0B /* ARConfiguration.swift in Sources */,
				8F7404471DCDD569009A6F0B /* AppDelegate.swift in Sources */,
				8F7404811DCF31B0009A6F0B /* Place.swift in Sources */,
			);
			runOnlyForDeploymentPostprocessing = 0;
		};
/* End PBXSourcesBuildPhase section */

/* Begin PBXVariantGroup section */
		8F74044A1DCDD569009A6F0B /* Main.storyboard */ = {
			isa = PBXVariantGroup;
			children = (
				8F74044B1DCDD569009A6F0B /* Base */,
			);
			name = Main.storyboard;
			sourceTree = "<group>";
		};
		8F74044F1DCDD569009A6F0B /* LaunchScreen.storyboard */ = {
			isa = PBXVariantGroup;
			children = (
				8F7404501DCDD569009A6F0B /* Base */,
			);
			name = LaunchScreen.storyboard;
			sourceTree = "<group>";
		};
/* End PBXVariantGroup section */

/* Begin XCBuildConfiguration section */
		8F7404531DCDD569009A6F0B /* Debug */ = {
			isa = XCBuildConfiguration;
			buildSettings = {
				ALWAYS_SEARCH_USER_PATHS = NO;
				CLANG_ANALYZER_NONNULL = YES;
				CLANG_CXX_LANGUAGE_STANDARD = "gnu++0x";
				CLANG_CXX_LIBRARY = "libc++";
				CLANG_ENABLE_MODULES = YES;
				CLANG_ENABLE_OBJC_ARC = YES;
				CLANG_WARN_BOOL_CONVERSION = YES;
				CLANG_WARN_CONSTANT_CONVERSION = YES;
				CLANG_WARN_DIRECT_OBJC_ISA_USAGE = YES_ERROR;
				CLANG_WARN_DOCUMENTATION_COMMENTS = YES;
				CLANG_WARN_EMPTY_BODY = YES;
				CLANG_WARN_ENUM_CONVERSION = YES;
				CLANG_WARN_INFINITE_RECURSION = YES;
				CLANG_WARN_INT_CONVERSION = YES;
				CLANG_WARN_OBJC_ROOT_CLASS = YES_ERROR;
				CLANG_WARN_SUSPICIOUS_MOVE = YES;
				CLANG_WARN_SUSPICIOUS_MOVES = YES;
				CLANG_WARN_UNREACHABLE_CODE = YES;
				CLANG_WARN__DUPLICATE_METHOD_MATCH = YES;
				"CODE_SIGN_IDENTITY[sdk=iphoneos*]" = "iPhone Developer";
				COPY_PHASE_STRIP = NO;
				DEBUG_INFORMATION_FORMAT = dwarf;
				ENABLE_STRICT_OBJC_MSGSEND = YES;
				ENABLE_TESTABILITY = YES;
				GCC_C_LANGUAGE_STANDARD = gnu99;
				GCC_DYNAMIC_NO_PIC = NO;
				GCC_NO_COMMON_BLOCKS = YES;
				GCC_OPTIMIZATION_LEVEL = 0;
				GCC_PREPROCESSOR_DEFINITIONS = (
					"DEBUG=1",
					"$(inherited)",
				);
				GCC_WARN_64_TO_32_BIT_CONVERSION = YES;
				GCC_WARN_ABOUT_RETURN_TYPE = YES_ERROR;
				GCC_WARN_UNDECLARED_SELECTOR = YES;
				GCC_WARN_UNINITIALIZED_AUTOS = YES_AGGRESSIVE;
				GCC_WARN_UNUSED_FUNCTION = YES;
				GCC_WARN_UNUSED_VARIABLE = YES;
				IPHONEOS_DEPLOYMENT_TARGET = 10.1;
				MTL_ENABLE_DEBUG_INFO = YES;
				ONLY_ACTIVE_ARCH = YES;
				SDKROOT = iphoneos;
				SWIFT_ACTIVE_COMPILATION_CONDITIONS = DEBUG;
				SWIFT_OPTIMIZATION_LEVEL = "-Onone";
			};
			name = Debug;
		};
		8F7404541DCDD569009A6F0B /* Release */ = {
			isa = XCBuildConfiguration;
			buildSettings = {
				ALWAYS_SEARCH_USER_PATHS = NO;
				CLANG_ANALYZER_NONNULL = YES;
				CLANG_CXX_LANGUAGE_STANDARD = "gnu++0x";
				CLANG_CXX_LIBRARY = "libc++";
				CLANG_ENABLE_MODULES = YES;
				CLANG_ENABLE_OBJC_ARC = YES;
				CLANG_WARN_BOOL_CONVERSION = YES;
				CLANG_WARN_CONSTANT_CONVERSION = YES;
				CLANG_WARN_DIRECT_OBJC_ISA_USAGE = YES_ERROR;
				CLANG_WARN_DOCUMENTATION_COMMENTS = YES;
				CLANG_WARN_EMPTY_BODY = YES;
				CLANG_WARN_ENUM_CONVERSION = YES;
				CLANG_WARN_INFINITE_RECURSION = YES;
				CLANG_WARN_INT_CONVERSION = YES;
				CLANG_WARN_OBJC_ROOT_CLASS = YES_ERROR;
				CLANG_WARN_SUSPICIOUS_MOVE = YES;
				CLANG_WARN_SUSPICIOUS_MOVES = YES;
				CLANG_WARN_UNREACHABLE_CODE = YES;
				CLANG_WARN__DUPLICATE_METHOD_MATCH = YES;
				"CODE_SIGN_IDENTITY[sdk=iphoneos*]" = "iPhone Developer";
				COPY_PHASE_STRIP = NO;
				DEBUG_INFORMATION_FORMAT = "dwarf-with-dsym";
				ENABLE_NS_ASSERTIONS = NO;
				ENABLE_STRICT_OBJC_MSGSEND = YES;
				GCC_C_LANGUAGE_STANDARD = gnu99;
				GCC_NO_COMMON_BLOCKS = YES;
				GCC_WARN_64_TO_32_BIT_CONVERSION = YES;
				GCC_WARN_ABOUT_RETURN_TYPE = YES_ERROR;
				GCC_WARN_UNDECLARED_SELECTOR = YES;
				GCC_WARN_UNINITIALIZED_AUTOS = YES_AGGRESSIVE;
				GCC_WARN_UNUSED_FUNCTION = YES;
				GCC_WARN_UNUSED_VARIABLE = YES;
				IPHONEOS_DEPLOYMENT_TARGET = 10.1;
				MTL_ENABLE_DEBUG_INFO = NO;
				SDKROOT = iphoneos;
				SWIFT_OPTIMIZATION_LEVEL = "-Owholemodule";
				VALIDATE_PRODUCT = YES;
			};
			name = Release;
		};
		8F7404561DCDD569009A6F0B /* Debug */ = {
			isa = XCBuildConfiguration;
			buildSettings = {
				ASSETCATALOG_COMPILER_APPICON_NAME = AppIcon;
				DEVELOPMENT_TEAM = CX5R794477;
				INFOPLIST_FILE = Places/Info.plist;
				LD_RUNPATH_SEARCH_PATHS = "$(inherited) @executable_path/Frameworks";
				PRODUCT_BUNDLE_IDENTIFIER = com.joeytuarte.Places;
				PRODUCT_NAME = "$(TARGET_NAME)";
				SWIFT_VERSION = 3.0;
			};
			name = Debug;
		};
		8F7404571DCDD569009A6F0B /* Release */ = {
			isa = XCBuildConfiguration;
			buildSettings = {
				ASSETCATALOG_COMPILER_APPICON_NAME = AppIcon;
				DEVELOPMENT_TEAM = CX5R794477;
				INFOPLIST_FILE = Places/Info.plist;
				LD_RUNPATH_SEARCH_PATHS = "$(inherited) @executable_path/Frameworks";
				PRODUCT_BUNDLE_IDENTIFIER = com.joeytuarte.Places;
				PRODUCT_NAME = "$(TARGET_NAME)";
				SWIFT_VERSION = 3.0;
			};
			name = Release;
		};
/* End XCBuildConfiguration section */

/* Begin XCConfigurationList section */
		8F74043E1DCDD569009A6F0B /* Build configuration list for PBXProject "Places" */ = {
			isa = XCConfigurationList;
			buildConfigurations = (
				8F7404531DCDD569009A6F0B /* Debug */,
				8F7404541DCDD569009A6F0B /* Release */,
			);
			defaultConfigurationIsVisible = 0;
			defaultConfigurationName = Release;
		};
		8F7404551DCDD569009A6F0B /* Build configuration list for PBXNativeTarget "Places" */ = {
			isa = XCConfigurationList;
			buildConfigurations = (
				8F7404561DCDD569009A6F0B /* Debug */,
				8F7404571DCDD569009A6F0B /* Release */,
			);
			defaultConfigurationIsVisible = 0;
			defaultConfigurationName = Release;
		};
/* End XCConfigurationList section */
	};
	rootObject = 8F74043B1DCDD569009A6F0B /* Project object */;
}
